
Microsoft Visual Studio Solution File, Format Version 12.00
# Visual Studio Version 17
VisualStudioVersion = 17.14.36203.30 d17.14
MinimumVisualStudioVersion = 10.0.40219.1
Project("{FAE04EC0-301F-11D3-BF4B-00C04F79EFBC}") = "GorillaHandsFree", "GorillaHandsFree\GorillaHandsFree.csproj", "{9FD5A3CB-7A90-4F94-864A-4EB44FE3309E}"
EndProject
Global
	GlobalSection(SolutionConfigurationPlatforms) = preSolution
		Debug|Any CPU = Debug|Any CPU
		Release|Any CPU = Release|Any CPU
	EndGlobalSection
	GlobalSection(ProjectConfigurationPlatforms) = postSolution
		{9FD5A3CB-7A90-4F94-864A-4EB44FE3309E}.Debug|Any CPU.ActiveCfg = Debug|Any CPU
		{9FD5A3CB-7A90-4F94-864A-4EB44FE3309E}.Debug|Any CPU.Build.0 = Debug|Any CPU
		{9FD5A3CB-7A90-4F94-864A-4EB44FE3309E}.Release|Any CPU.ActiveCfg = Release|Any CPU
		{9FD5A3CB-7A90-4F94-864A-4EB44FE3309E}.Release|Any CPU.Build.0 = Release|Any CPU
	EndGlobalSection
	GlobalSection(SolutionProperties) = preSolution
		HideSolutionNode = FALSE
	EndGlobalSection
	GlobalSection(ExtensibilityGlobals) = postSolution
		SolutionGuid = {F3871805-0277-41BB-A00E-189D918B2A5F}
	EndGlobalSection
EndGlobal
